
Microsoft Visual Studio Solution File, Format Version 12.00
# Visual Studio Version 17
VisualStudioVersion = 17.3.32825.248
MinimumVisualStudioVersion = 10.0.40219.1
Project("{FAE04EC0-301F-11D3-BF4B-00C04F79EFBC}") = "massive", "massive\massive.csproj", "{077B654A-58F2-4602-9A29-B5275F65B6CA}"
EndProject
Global
	GlobalSection(SolutionConfigurationPlatforms) = preSolution
		Debug|Any CPU = Debug|Any CPU
		Release|Any CPU = Release|Any CPU
	EndGlobalSection
	GlobalSection(ProjectConfigurationPlatforms) = postSolution
		{077B654A-58F2-4602-9A29-B5275F65B6CA}.Debug|Any CPU.ActiveCfg = Debug|Any CPU
		{077B654A-58F2-4602-9A29-B5275F65B6CA}.Debug|Any CPU.Build.0 = Debug|Any CPU
		{077B654A-58F2-4602-9A29-B5275F65B6CA}.Release|Any CPU.ActiveCfg = Release|Any CPU
		{077B654A-58F2-4602-9A29-B5275F65B6CA}.Release|Any CPU.Build.0 = Release|Any CPU
	EndGlobalSection
	GlobalSection(SolutionProperties) = preSolution
		HideSolutionNode = FALSE
	EndGlobalSection
	GlobalSection(ExtensibilityGlobals) = postSolution
		SolutionGuid = {F27A58F3-3912-4534-B4F8-DF5BBC28B9FB}
	EndGlobalSection
EndGlobal
